
Microsoft Visual Studio Solution File, Format Version 12.00
# Visual Studio 15
VisualStudioVersion = 15.0.28010.2019
MinimumVisualStudioVersion = 10.0.40219.1
Project("{8BC9CEB8-8B4A-11D0-8D11-00A0C91BC942}") = "cs585hw3twohands", "cs585hw3twohands\cs585hw3twohands.vcxproj", "{A91AE850-101B-44E9-AB35-9319083F6907}"
EndProject
Global
	GlobalSection(SolutionConfigurationPlatforms) = preSolution
		Debug|x64 = Debug|x64
		Debug|x86 = Debug|x86
		Release|x64 = Release|x64
		Release|x86 = Release|x86
	EndGlobalSection
	GlobalSection(ProjectConfigurationPlatforms) = postSolution
		{A91AE850-101B-44E9-AB35-9319083F6907}.Debug|x64.ActiveCfg = Debug|x64
		{A91AE850-101B-44E9-AB35-9319083F6907}.Debug|x64.Build.0 = Debug|x64
		{A91AE850-101B-44E9-AB35-9319083F6907}.Debug|x86.ActiveCfg = Debug|Win32
		{A91AE850-101B-44E9-AB35-9319083F6907}.Debug|x86.Build.0 = Debug|Win32
		{A91AE850-101B-44E9-AB35-9319083F6907}.Release|x64.ActiveCfg = Release|x64
		{A91AE850-101B-44E9-AB35-9319083F6907}.Release|x64.Build.0 = Release|x64
		{A91AE850-101B-44E9-AB35-9319083F6907}.Release|x86.ActiveCfg = Release|Win32
		{A91AE850-101B-44E9-AB35-9319083F6907}.Release|x86.Build.0 = Release|Win32
	EndGlobalSection
	GlobalSection(SolutionProperties) = preSolution
		HideSolutionNode = FALSE
	EndGlobalSection
	GlobalSection(ExtensibilityGlobals) = postSolution
		SolutionGuid = {F4FD65A9-1A9D-413D-B684-4E9782019EEF}
	EndGlobalSection
EndGlobal
